
Microsoft Visual Studio Solution File, Format Version 12.00
# Visual Studio 15
VisualStudioVersion = 15.0.27130.2036
MinimumVisualStudioVersion = 10.0.40219.1
Project("{FAE04EC0-301F-11D3-BF4B-00C04F79EFBC}") = "Core", "Core\Core.csproj", "{7F750222-7540-4096-8C18-A4B129E0E1FF}"
EndProject
Global
	GlobalSection(SolutionConfigurationPlatforms) = preSolution
		Debug|Any CPU = Debug|Any CPU
		Release|Any CPU = Release|Any CPU
	EndGlobalSection
	GlobalSection(ProjectConfigurationPlatforms) = postSolution
		{7F750222-7540-4096-8C18-A4B129E0E1FF}.Debug|Any CPU.ActiveCfg = Debug|Any CPU
		{7F750222-7540-4096-8C18-A4B129E0E1FF}.Debug|Any CPU.Build.0 = Debug|Any CPU
		{7F750222-7540-4096-8C18-A4B129E0E1FF}.Release|Any CPU.ActiveCfg = Release|Any CPU
		{7F750222-7540-4096-8C18-A4B129E0E1FF}.Release|Any CPU.Build.0 = Release|Any CPU
	EndGlobalSection
	GlobalSection(SolutionProperties) = preSolution
		HideSolutionNode = FALSE
	EndGlobalSection
	GlobalSection(ExtensibilityGlobals) = postSolution
		SolutionGuid = {36E70383-9B1C-4867-81E0-E9D0BD43EC25}
	EndGlobalSection
EndGlobal
